
Microsoft Visual Studio Solution File, Format Version 12.00
# Visual Studio Version 16
VisualStudioVersion = 16.0.31019.35
MinimumVisualStudioVersion = 10.0.40219.1
Project("{FAE04EC0-301F-11D3-BF4B-00C04F79EFBC}") = "RoverChallenge", "RoverChallenge\RoverChallenge.csproj", "{19F54019-91EF-4E2C-9BDF-B38D1BC115BD}"
EndProject
Project("{FAE04EC0-301F-11D3-BF4B-00C04F79EFBC}") = "RoverChallenge.Test", "RoverChallenge.Test\RoverChallenge.Test.csproj", "{1F7184A9-66BD-4847-AF76-C7DC4D934C0B}"
EndProject
Project("{FAE04EC0-301F-11D3-BF4B-00C04F79EFBC}") = "RoverChallengeCommon", "RoverChallengeCommon\RoverChallengeCommon.csproj", "{E3FEF6F4-7156-48B0-9F65-3C8E57EE5B37}"
EndProject
Project("{FAE04EC0-301F-11D3-BF4B-00C04F79EFBC}") = "RoverChallengeServices", "RoverChallengeServices\RoverChallengeServices.csproj", "{D8BABD84-3D8B-412B-8090-AA0A43856925}"
EndProject
Global
	GlobalSection(SolutionConfigurationPlatforms) = preSolution
		Debug|Any CPU = Debug|Any CPU
		Release|Any CPU = Release|Any CPU
	EndGlobalSection
	GlobalSection(ProjectConfigurationPlatforms) = postSolution
		{19F54019-91EF-4E2C-9BDF-B38D1BC115BD}.Debug|Any CPU.ActiveCfg = Debug|Any CPU
		{19F54019-91EF-4E2C-9BDF-B38D1BC115BD}.Debug|Any CPU.Build.0 = Debug|Any CPU
		{19F54019-91EF-4E2C-9BDF-B38D1BC115BD}.Release|Any CPU.ActiveCfg = Release|Any CPU
		{19F54019-91EF-4E2C-9BDF-B38D1BC115BD}.Release|Any CPU.Build.0 = Release|Any CPU
		{1F7184A9-66BD-4847-AF76-C7DC4D934C0B}.Debug|Any CPU.ActiveCfg = Debug|Any CPU
		{1F7184A9-66BD-4847-AF76-C7DC4D934C0B}.Debug|Any CPU.Build.0 = Debug|Any CPU
		{1F7184A9-66BD-4847-AF76-C7DC4D934C0B}.Release|Any CPU.ActiveCfg = Release|Any CPU
		{1F7184A9-66BD-4847-AF76-C7DC4D934C0B}.Release|Any CPU.Build.0 = Release|Any CPU
		{E3FEF6F4-7156-48B0-9F65-3C8E57EE5B37}.Debug|Any CPU.ActiveCfg = Debug|Any CPU
		{E3FEF6F4-7156-48B0-9F65-3C8E57EE5B37}.Debug|Any CPU.Build.0 = Debug|Any CPU
		{E3FEF6F4-7156-48B0-9F65-3C8E57EE5B37}.Release|Any CPU.ActiveCfg = Release|Any CPU
		{E3FEF6F4-7156-48B0-9F65-3C8E57EE5B37}.Release|Any CPU.Build.0 = Release|Any CPU
		{D8BABD84-3D8B-412B-8090-AA0A43856925}.Debug|Any CPU.ActiveCfg = Debug|Any CPU
		{D8BABD84-3D8B-412B-8090-AA0A43856925}.Debug|Any CPU.Build.0 = Debug|Any CPU
		{D8BABD84-3D8B-412B-8090-AA0A43856925}.Release|Any CPU.ActiveCfg = Release|Any CPU
		{D8BABD84-3D8B-412B-8090-AA0A43856925}.Release|Any CPU.Build.0 = Release|Any CPU
	EndGlobalSection
	GlobalSection(SolutionProperties) = preSolution
		HideSolutionNode = FALSE
	EndGlobalSection
	GlobalSection(ExtensibilityGlobals) = postSolution
		SolutionGuid = {12976E7C-1A66-4508-847C-A38347412341}
	EndGlobalSection
EndGlobal
